
Microsoft Visual Studio Solution File, Format Version 12.00
# Visual Studio 15
VisualStudioVersion = 15.0.28010.2003
MinimumVisualStudioVersion = 10.0.40219.1
Project("{9A19103F-16F7-4668-BE54-9A1E7A4F7556}") = "BlazorShop.Server", "BlazorShop.Server\BlazorShop.Server.csproj", "{3847959E-F745-4775-BAA2-4830587813B2}"
EndProject
Project("{9A19103F-16F7-4668-BE54-9A1E7A4F7556}") = "BlazorShop.Client", "BlazorShop.Client\BlazorShop.Client.csproj", "{8370A61A-E1BA-4238-941B-9090EEB6D288}"
EndProject
Project("{9A19103F-16F7-4668-BE54-9A1E7A4F7556}") = "BlazorShop.Shared", "BlazorShop.Shared\BlazorShop.Shared.csproj", "{05A864CC-699B-4B12-B607-818FBC6D36E0}"
EndProject
Global
	GlobalSection(SolutionConfigurationPlatforms) = preSolution
		Debug|Any CPU = Debug|Any CPU
		Release|Any CPU = Release|Any CPU
	EndGlobalSection
	GlobalSection(ProjectConfigurationPlatforms) = postSolution
		{3847959E-F745-4775-BAA2-4830587813B2}.Debug|Any CPU.ActiveCfg = Debug|Any CPU
		{3847959E-F745-4775-BAA2-4830587813B2}.Debug|Any CPU.Build.0 = Debug|Any CPU
		{3847959E-F745-4775-BAA2-4830587813B2}.Release|Any CPU.ActiveCfg = Release|Any CPU
		{3847959E-F745-4775-BAA2-4830587813B2}.Release|Any CPU.Build.0 = Release|Any CPU
		{8370A61A-E1BA-4238-941B-9090EEB6D288}.Debug|Any CPU.ActiveCfg = Debug|Any CPU
		{8370A61A-E1BA-4238-941B-9090EEB6D288}.Debug|Any CPU.Build.0 = Debug|Any CPU
		{8370A61A-E1BA-4238-941B-9090EEB6D288}.Release|Any CPU.ActiveCfg = Release|Any CPU
		{8370A61A-E1BA-4238-941B-9090EEB6D288}.Release|Any CPU.Build.0 = Release|Any CPU
		{05A864CC-699B-4B12-B607-818FBC6D36E0}.Debug|Any CPU.ActiveCfg = Debug|Any CPU
		{05A864CC-699B-4B12-B607-818FBC6D36E0}.Debug|Any CPU.Build.0 = Debug|Any CPU
		{05A864CC-699B-4B12-B607-818FBC6D36E0}.Release|Any CPU.ActiveCfg = Release|Any CPU
		{05A864CC-699B-4B12-B607-818FBC6D36E0}.Release|Any CPU.Build.0 = Release|Any CPU
	EndGlobalSection
	GlobalSection(SolutionProperties) = preSolution
		HideSolutionNode = FALSE
	EndGlobalSection
	GlobalSection(ExtensibilityGlobals) = postSolution
		SolutionGuid = {B72A1BEA-1F43-4192-9B97-A964BCB159FB}
	EndGlobalSection
EndGlobal
